// !$*UTF8*$!
{
	archiveVersion = 1;
	classes = {
	};
	objectVersion = 50;
	objects = {

/* Begin PBXBuildFile section */
		A7CB42AF234A25EF0054A5F9 /* AppDelegate.swift in Sources */ = {isa = PBXBuildFile; fileRef = A7CB42AE234A25EF0054A5F9 /* AppDelegate.swift */; };
		A7CB42B1234A25EF0054A5F9 /* SceneDelegate.swift in Sources */ = {isa = PBXBuildFile; fileRef = A7CB42B0234A25EF0054A5F9 /* SceneDelegate.swift */; };
		A7CB42B3234A25EF0054A5F9 /* ViewController.swift in Sources */ = {isa = PBXBuildFile; fileRef = A7CB42B2234A25EF0054A5F9 /* ViewController.swift */; };
		A7CB42B8234A25F20054A5F9 /* Assets.xcassets in Resources */ = {isa = PBXBuildFile; fileRef = A7CB42B7234A25F20054A5F9 /* Assets.xcassets */; };
		A7CB42BB234A25F20054A5F9 /* LaunchScreen.storyboard in Resources */ = {isa = PBXBuildFile; fileRef = A7CB42B9234A25F20054A5F9 /* LaunchScreen.storyboard */; };
		A7CB42CF234A50880054A5F9 /* EXCurriculumProtocols.swift in Sources */ = {isa = PBXBuildFile; fileRef = A7CB42CE234A50880054A5F9 /* EXCurriculumProtocols.swift */; };
		A7CB42D1234A511A0054A5F9 /* EXCurriculum.swift in Sources */ = {isa = PBXBuildFile; fileRef = A7CB42D0234A511A0054A5F9 /* EXCurriculum.swift */; };
		A7CB42D3234A520A0054A5F9 /* EXCurriculumRouter.swift in Sources */ = {isa = PBXBuildFile; fileRef = A7CB42D2234A520A0054A5F9 /* EXCurriculumRouter.swift */; };
		A7CB42D5234A52210054A5F9 /* EXCurriculumPresenter.swift in Sources */ = {isa = PBXBuildFile; fileRef = A7CB42D4234A52210054A5F9 /* EXCurriculumPresenter.swift */; };
		A7CB42D7234A523A0054A5F9 /* EXCurriculumInteractor.swift in Sources */ = {isa = PBXBuildFile; fileRef = A7CB42D6234A523A0054A5F9 /* EXCurriculumInteractor.swift */; };
		A7CB42DA234A528B0054A5F9 /* EXCurriculumViewController.swift in Sources */ = {isa = PBXBuildFile; fileRef = A7CB42D8234A528B0054A5F9 /* EXCurriculumViewController.swift */; };
		A7CB42DB234A528B0054A5F9 /* EXCurriculumViewController.xib in Resources */ = {isa = PBXBuildFile; fileRef = A7CB42D9234A528B0054A5F9 /* EXCurriculumViewController.xib */; };
		A7CB42DF234A532A0054A5F9 /* EXConstants.swift in Sources */ = {isa = PBXBuildFile; fileRef = A7CB42DE234A532A0054A5F9 /* EXConstants.swift */; };
		A7CB42E2234A535C0054A5F9 /* UITableView+Extension.swift in Sources */ = {isa = PBXBuildFile; fileRef = A7CB42E1234A535C0054A5F9 /* UITableView+Extension.swift */; };
		A7CB42E4234A537A0054A5F9 /* UIImage+Extension.swift in Sources */ = {isa = PBXBuildFile; fileRef = A7CB42E3234A537A0054A5F9 /* UIImage+Extension.swift */; };
		A7CB42F7234A60300054A5F9 /* EXEXperticeDotTableViewCell.xib in Resources */ = {isa = PBXBuildFile; fileRef = A7CB42E5234A602F0054A5F9 /* EXEXperticeDotTableViewCell.xib */; };
		A7CB42F8234A60300054A5F9 /* EXLoadingTableViewCell.xib in Resources */ = {isa = PBXBuildFile; fileRef = A7CB42E6234A602F0054A5F9 /* EXLoadingTableViewCell.xib */; };
		A7CB42F9234A60300054A5F9 /* EXTitleTableViewCell.swift in Sources */ = {isa = PBXBuildFile; fileRef = A7CB42E7234A602F0054A5F9 /* EXTitleTableViewCell.swift */; };
		A7CB42FA234A60300054A5F9 /* EXExperticeTableViewCell.xib in Resources */ = {isa = PBXBuildFile; fileRef = A7CB42E8234A602F0054A5F9 /* EXExperticeTableViewCell.xib */; };
		A7CB42FB234A60300054A5F9 /* EXHeaderTableViewCell.xib in Resources */ = {isa = PBXBuildFile; fileRef = A7CB42E9234A602F0054A5F9 /* EXHeaderTableViewCell.xib */; };
		A7CB42FC234A60300054A5F9 /* EXAppTableViewCell.xib in Resources */ = {isa = PBXBuildFile; fileRef = A7CB42EA234A60300054A5F9 /* EXAppTableViewCell.xib */; };
		A7CB42FD234A60300054A5F9 /* EXAppTableViewCell.swift in Sources */ = {isa = PBXBuildFile; fileRef = A7CB42EB234A60300054A5F9 /* EXAppTableViewCell.swift */; };
		A7CB42FE234A60300054A5F9 /* EXLoadingTableViewCell.swift in Sources */ = {isa = PBXBuildFile; fileRef = A7CB42EC234A60300054A5F9 /* EXLoadingTableViewCell.swift */; };
		A7CB42FF234A60300054A5F9 /* EXDescriptionTableViewCell.swift in Sources */ = {isa = PBXBuildFile; fileRef = A7CB42ED234A60300054A5F9 /* EXDescriptionTableViewCell.swift */; };
		A7CB4300234A60300054A5F9 /* EXDotDescriptionTableViewCell.swift in Sources */ = {isa = PBXBuildFile; fileRef = A7CB42EE234A60300054A5F9 /* EXDotDescriptionTableViewCell.swift */; };
		A7CB4301234A60300054A5F9 /* EXDescriptionTableViewCell.xib in Resources */ = {isa = PBXBuildFile; fileRef = A7CB42EF234A60300054A5F9 /* EXDescriptionTableViewCell.xib */; };
		A7CB4302234A60300054A5F9 /* EXExperticeTableViewCell.swift in Sources */ = {isa = PBXBuildFile; fileRef = A7CB42F0234A60300054A5F9 /* EXExperticeTableViewCell.swift */; };
		A7CB4303234A60300054A5F9 /* EXEXperticeDotTableViewCell.swift in Sources */ = {isa = PBXBuildFile; fileRef = A7CB42F1234A60300054A5F9 /* EXEXperticeDotTableViewCell.swift */; };
		A7CB4304234A60300054A5F9 /* EXDotTableViewCell.swift in Sources */ = {isa = PBXBuildFile; fileRef = A7CB42F2234A60300054A5F9 /* EXDotTableViewCell.swift */; };
		A7CB4305234A60300054A5F9 /* EXDotDescriptionTableViewCell.xib in Resources */ = {isa = PBXBuildFile; fileRef = A7CB42F3234A60300054A5F9 /* EXDotDescriptionTableViewCell.xib */; };
		A7CB4306234A60300054A5F9 /* EXDotTableViewCell.xib in Resources */ = {isa = PBXBuildFile; fileRef = A7CB42F4234A60300054A5F9 /* EXDotTableViewCell.xib */; };
		A7CB4307234A60300054A5F9 /* EXHeaderTableViewCell.swift in Sources */ = {isa = PBXBuildFile; fileRef = A7CB42F5234A60300054A5F9 /* EXHeaderTableViewCell.swift */; };
		A7CB4308234A60300054A5F9 /* EXTitleTableViewCell.xib in Resources */ = {isa = PBXBuildFile; fileRef = A7CB42F6234A60300054A5F9 /* EXTitleTableViewCell.xib */; };
		A7CB430A234A63230054A5F9 /* UIVIew+Extension.swift in Sources */ = {isa = PBXBuildFile; fileRef = A7CB4309234A63230054A5F9 /* UIVIew+Extension.swift */; };
		A7CB4311234A65070054A5F9 /* EXPhotoTableViewCell.swift in Sources */ = {isa = PBXBuildFile; fileRef = A7CB430F234A65070054A5F9 /* EXPhotoTableViewCell.swift */; };
		A7CB4312234A65070054A5F9 /* EXPhotoTableViewCell.xib in Resources */ = {isa = PBXBuildFile; fileRef = A7CB4310234A65070054A5F9 /* EXPhotoTableViewCell.xib */; };
/* End PBXBuildFile section */

/* Begin PBXFileReference section */
		A7CB42AB234A25EF0054A5F9 /* EXCurriculum-VIPER.app */ = {isa = PBXFileReference; explicitFileType = wrapper.application; includeInIndex = 0; path = "EXCurriculum-VIPER.app"; sourceTree = BUILT_PRODUCTS_DIR; };
		A7CB42AE234A25EF0054A5F9 /* AppDelegate.swift */ = {isa = PBXFileReference; lastKnownFileType = sourcecode.swift; path = AppDelegate.swift; sourceTree = "<group>"; };
		A7CB42B0234A25EF0054A5F9 /* SceneDelegate.swift */ = {isa = PBXFileReference; lastKnownFileType = sourcecode.swift; path = SceneDelegate.swift; sourceTree = "<group>"; };
		A7CB42B2234A25EF0054A5F9 /* ViewController.swift */ = {isa = PBXFileReference; lastKnownFileType = sourcecode.swift; path = ViewController.swift; sourceTree = "<group>"; };
		A7CB42B7234A25F20054A5F9 /* Assets.xcassets */ = {isa = PBXFileReference; lastKnownFileType = folder.assetcatalog; path = Assets.xcassets; sourceTree = "<group>"; };
		A7CB42BA234A25F20054A5F9 /* Base */ = {isa = PBXFileReference; lastKnownFileType = file.storyboard; name = Base; path = Base.lproj/LaunchScreen.storyboard; sourceTree = "<group>"; };
		A7CB42BC234A25F20054A5F9 /* Info.plist */ = {isa = PBXFileReference; lastKnownFileType = text.plist.xml; path = Info.plist; sourceTree = "<group>"; };
		A7CB42CE234A50880054A5F9 /* EXCurriculumProtocols.swift */ = {isa = PBXFileReference; lastKnownFileType = sourcecode.swift; path = EXCurriculumProtocols.swift; sourceTree = "<group>"; };
		A7CB42D0234A511A0054A5F9 /* EXCurriculum.swift */ = {isa = PBXFileReference; lastKnownFileType = sourcecode.swift; path = EXCurriculum.swift; sourceTree = "<group>"; };
		A7CB42D2234A520A0054A5F9 /* EXCurriculumRouter.swift */ = {isa = PBXFileReference; lastKnownFileType = sourcecode.swift; path = EXCurriculumRouter.swift; sourceTree = "<group>"; };
		A7CB42D4234A52210054A5F9 /* EXCurriculumPresenter.swift */ = {isa = PBXFileReference; lastKnownFileType = sourcecode.swift; path = EXCurriculumPresenter.swift; sourceTree = "<group>"; };
		A7CB42D6234A523A0054A5F9 /* EXCurriculumInteractor.swift */ = {isa = PBXFileReference; lastKnownFileType = sourcecode.swift; path = EXCurriculumInteractor.swift; sourceTree = "<group>"; };
		A7CB42D8234A528B0054A5F9 /* EXCurriculumViewController.swift */ = {isa = PBXFileReference; lastKnownFileType = sourcecode.swift; name = EXCurriculumViewController.swift; path = "EXCurriculum-VIPER/EXCurriculum.swift/EXCurriculumViewController.swift"; sourceTree = SOURCE_ROOT; };
		A7CB42D9234A528B0054A5F9 /* EXCurriculumViewController.xib */ = {isa = PBXFileReference; lastKnownFileType = file.xib; name = EXCurriculumViewController.xib; path = "EXCurriculum-VIPER/EXCurriculum.swift/EXCurriculumViewController.xib"; sourceTree = SOURCE_ROOT; };
		A7CB42DE234A532A0054A5F9 /* EXConstants.swift */ = {isa = PBXFileReference; lastKnownFileType = sourcecode.swift; path = EXConstants.swift; sourceTree = "<group>"; };
		A7CB42E1234A535C0054A5F9 /* UITableView+Extension.swift */ = {isa = PBXFileReference; lastKnownFileType = sourcecode.swift; path = "UITableView+Extension.swift"; sourceTree = "<group>"; };
		A7CB42E3234A537A0054A5F9 /* UIImage+Extension.swift */ = {isa = PBXFileReference; lastKnownFileType = sourcecode.swift; path = "UIImage+Extension.swift"; sourceTree = "<group>"; };
		A7CB42E5234A602F0054A5F9 /* EXEXperticeDotTableViewCell.xib */ = {isa = PBXFileReference; fileEncoding = 4; lastKnownFileType = file.xib; path = EXEXperticeDotTableViewCell.xib; sourceTree = "<group>"; };
		A7CB42E6234A602F0054A5F9 /* EXLoadingTableViewCell.xib */ = {isa = PBXFileReference; fileEncoding = 4; lastKnownFileType = file.xib; path = EXLoadingTableViewCell.xib; sourceTree = "<group>"; };
		A7CB42E7234A602F0054A5F9 /* EXTitleTableViewCell.swift */ = {isa = PBXFileReference; fileEncoding = 4; lastKnownFileType = sourcecode.swift; path = EXTitleTableViewCell.swift; sourceTree = "<group>"; };
		A7CB42E8234A602F0054A5F9 /* EXExperticeTableViewCell.xib */ = {isa = PBXFileReference; fileEncoding = 4; lastKnownFileType = file.xib; path = EXExperticeTableViewCell.xib; sourceTree = "<group>"; };
		A7CB42E9234A602F0054A5F9 /* EXHeaderTableViewCell.xib */ = {isa = PBXFileReference; fileEncoding = 4; lastKnownFileType = file.xib; path = EXHeaderTableViewCell.xib; sourceTree = "<group>"; };
		A7CB42EA234A60300054A5F9 /* EXAppTableViewCell.xib */ = {isa = PBXFileReference; fileEncoding = 4; lastKnownFileType = file.xib; path = EXAppTableViewCell.xib; sourceTree = "<group>"; };
		A7CB42EB234A60300054A5F9 /* EXAppTableViewCell.swift */ = {isa = PBXFileReference; fileEncoding = 4; lastKnownFileType = sourcecode.swift; path = EXAppTableViewCell.swift; sourceTree = "<group>"; };
		A7CB42EC234A60300054A5F9 /* EXLoadingTableViewCell.swift */ = {isa = PBXFileReference; fileEncoding = 4; lastKnownFileType = sourcecode.swift; path = EXLoadingTableViewCell.swift; sourceTree = "<group>"; };
		A7CB42ED234A60300054A5F9 /* EXDescriptionTableViewCell.swift */ = {isa = PBXFileReference; fileEncoding = 4; lastKnownFileType = sourcecode.swift; path = EXDescriptionTableViewCell.swift; sourceTree = "<group>"; };
		A7CB42EE234A60300054A5F9 /* EXDotDescriptionTableViewCell.swift */ = {isa = PBXFileReference; fileEncoding = 4; lastKnownFileType = sourcecode.swift; path = EXDotDescriptionTableViewCell.swift; sourceTree = "<group>"; };
		A7CB42EF234A60300054A5F9 /* EXDescriptionTableViewCell.xib */ = {isa = PBXFileReference; fileEncoding = 4; lastKnownFileType = file.xib; path = EXDescriptionTableViewCell.xib; sourceTree = "<group>"; };
		A7CB42F0234A60300054A5F9 /* EXExperticeTableViewCell.swift */ = {isa = PBXFileReference; fileEncoding = 4; lastKnownFileType = sourcecode.swift; path = EXExperticeTableViewCell.swift; sourceTree = "<group>"; };
		A7CB42F1234A60300054A5F9 /* EXEXperticeDotTableViewCell.swift */ = {isa = PBXFileReference; fileEncoding = 4; lastKnownFileType = sourcecode.swift; path = EXEXperticeDotTableViewCell.swift; sourceTree = "<group>"; };
		A7CB42F2234A60300054A5F9 /* EXDotTableViewCell.swift */ = {isa = PBXFileReference; fileEncoding = 4; lastKnownFileType = sourcecode.swift; path = EXDotTableViewCell.swift; sourceTree = "<group>"; };
		A7CB42F3234A60300054A5F9 /* EXDotDescriptionTableViewCell.xib */ = {isa = PBXFileReference; fileEncoding = 4; lastKnownFileType = file.xib; path = EXDotDescriptionTableViewCell.xib; sourceTree = "<group>"; };
		A7CB42F4234A60300054A5F9 /* EXDotTableViewCell.xib */ = {isa = PBXFileReference; fileEncoding = 4; lastKnownFileType = file.xib; path = EXDotTableViewCell.xib; sourceTree = "<group>"; };
		A7CB42F5234A60300054A5F9 /* EXHeaderTableViewCell.swift */ = {isa = PBXFileReference; fileEncoding = 4; lastKnownFileType = sourcecode.swift; path = EXHeaderTableViewCell.swift; sourceTree = "<group>"; };
		A7CB42F6234A60300054A5F9 /* EXTitleTableViewCell.xib */ = {isa = PBXFileReference; fileEncoding = 4; lastKnownFileType = file.xib; path = EXTitleTableViewCell.xib; sourceTree = "<group>"; };
		A7CB4309234A63230054A5F9 /* UIVIew+Extension.swift */ = {isa = PBXFileReference; lastKnownFileType = sourcecode.swift; path = "UIVIew+Extension.swift"; sourceTree = "<group>"; };
		A7CB430F234A65070054A5F9 /* EXPhotoTableViewCell.swift */ = {isa = PBXFileReference; lastKnownFileType = sourcecode.swift; path = EXPhotoTableViewCell.swift; sourceTree = "<group>"; };
		A7CB4310234A65070054A5F9 /* EXPhotoTableViewCell.xib */ = {isa = PBXFileReference; lastKnownFileType = file.xib; path = EXPhotoTableViewCell.xib; sourceTree = "<group>"; };
/* End PBXFileReference section */

/* Begin PBXFrameworksBuildPhase section */
		A7CB42A8234A25EF0054A5F9 /* Frameworks */ = {
			isa = PBXFrameworksBuildPhase;
			buildActionMask = 2147483647;
			files = (
			);
			runOnlyForDeploymentPostprocessing = 0;
		};
/* End PBXFrameworksBuildPhase section */

/* Begin PBXGroup section */
		A7CB42A2234A25EF0054A5F9 = {
			isa = PBXGroup;
			children = (
				A7CB42AD234A25EF0054A5F9 /* EXCurriculum-VIPER */,
				A7CB42AC234A25EF0054A5F9 /* Products */,
			);
			sourceTree = "<group>";
		};
		A7CB42AC234A25EF0054A5F9 /* Products */ = {
			isa = PBXGroup;
			children = (
				A7CB42AB234A25EF0054A5F9 /* EXCurriculum-VIPER.app */,
			);
			name = Products;
			sourceTree = "<group>";
		};
		A7CB42AD234A25EF0054A5F9 /* EXCurriculum-VIPER */ = {
			isa = PBXGroup;
			children = (
				A7CB42CB234A50380054A5F9 /* EXCurriculum.swift */,
				A7CB42DC234A530D0054A5F9 /* Constants */,
				A7CB42E0234A53480054A5F9 /* Extensions */,
				A7CB42AE234A25EF0054A5F9 /* AppDelegate.swift */,
				A7CB42B0234A25EF0054A5F9 /* SceneDelegate.swift */,
				A7CB42B2234A25EF0054A5F9 /* ViewController.swift */,
				A7CB42B7234A25F20054A5F9 /* Assets.xcassets */,
				A7CB42B9234A25F20054A5F9 /* LaunchScreen.storyboard */,
				A7CB42BC234A25F20054A5F9 /* Info.plist */,
			);
			path = "EXCurriculum-VIPER";
			sourceTree = "<group>";
		};
		A7CB42C4234A47970054A5F9 /* Router */ = {
			isa = PBXGroup;
			children = (
				A7CB42D2234A520A0054A5F9 /* EXCurriculumRouter.swift */,
			);
			path = Router;
			sourceTree = "<group>";
		};
		A7CB42C5234A47A10054A5F9 /* Entity */ = {
			isa = PBXGroup;
			children = (
				A7CB42D0234A511A0054A5F9 /* EXCurriculum.swift */,
			);
			path = Entity;
			sourceTree = "<group>";
		};
		A7CB42C6234A47AB0054A5F9 /* Presenter */ = {
			isa = PBXGroup;
			children = (
				A7CB42D4234A52210054A5F9 /* EXCurriculumPresenter.swift */,
			);
			path = Presenter;
			sourceTree = "<group>";
		};
		A7CB42C7234A47DE0054A5F9 /* Interactor */ = {
			isa = PBXGroup;
			children = (
				A7CB42D6234A523A0054A5F9 /* EXCurriculumInteractor.swift */,
			);
			path = Interactor;
			sourceTree = "<group>";
		};
		A7CB42C8234A47E80054A5F9 /* View */ = {
			isa = PBXGroup;
			children = (
				A7CB42C9234A47F40054A5F9 /* Controllers */,
				A7CB42CA234A48000054A5F9 /* Cells */,
			);
			path = View;
			sourceTree = "<group>";
		};
		A7CB42C9234A47F40054A5F9 /* Controllers */ = {
			isa = PBXGroup;
			children = (
				A7CB42D8234A528B0054A5F9 /* EXCurriculumViewController.swift */,
				A7CB42D9234A528B0054A5F9 /* EXCurriculumViewController.xib */,
			);
			path = Controllers;
			sourceTree = "<group>";
		};
		A7CB42CA234A48000054A5F9 /* Cells */ = {
			isa = PBXGroup;
			children = (
				A7CB42EB234A60300054A5F9 /* EXAppTableViewCell.swift */,
				A7CB42EA234A60300054A5F9 /* EXAppTableViewCell.xib */,
				A7CB42ED234A60300054A5F9 /* EXDescriptionTableViewCell.swift */,
				A7CB42EF234A60300054A5F9 /* EXDescriptionTableViewCell.xib */,
				A7CB42EE234A60300054A5F9 /* EXDotDescriptionTableViewCell.swift */,
				A7CB42F3234A60300054A5F9 /* EXDotDescriptionTableViewCell.xib */,
				A7CB42F2234A60300054A5F9 /* EXDotTableViewCell.swift */,
				A7CB42F4234A60300054A5F9 /* EXDotTableViewCell.xib */,
				A7CB42F1234A60300054A5F9 /* EXEXperticeDotTableViewCell.swift */,
				A7CB42E5234A602F0054A5F9 /* EXEXperticeDotTableViewCell.xib */,
				A7CB42F0234A60300054A5F9 /* EXExperticeTableViewCell.swift */,
				A7CB42E8234A602F0054A5F9 /* EXExperticeTableViewCell.xib */,
				A7CB42F5234A60300054A5F9 /* EXHeaderTableViewCell.swift */,
				A7CB42E9234A602F0054A5F9 /* EXHeaderTableViewCell.xib */,
				A7CB42EC234A60300054A5F9 /* EXLoadingTableViewCell.swift */,
				A7CB42E6234A602F0054A5F9 /* EXLoadingTableViewCell.xib */,
				A7CB42E7234A602F0054A5F9 /* EXTitleTableViewCell.swift */,
				A7CB42F6234A60300054A5F9 /* EXTitleTableViewCell.xib */,
				A7CB430F234A65070054A5F9 /* EXPhotoTableViewCell.swift */,
				A7CB4310234A65070054A5F9 /* EXPhotoTableViewCell.xib */,
			);
			path = Cells;
			sourceTree = "<group>";
		};
		A7CB42CB234A50380054A5F9 /* EXCurriculum.swift */ = {
			isa = PBXGroup;
			children = (
				A7CB42C8234A47E80054A5F9 /* View */,
				A7CB42C7234A47DE0054A5F9 /* Interactor */,
				A7CB42C6234A47AB0054A5F9 /* Presenter */,
				A7CB42C5234A47A10054A5F9 /* Entity */,
				A7CB42C4234A47970054A5F9 /* Router */,
				A7CB42CE234A50880054A5F9 /* EXCurriculumProtocols.swift */,
			);
			path = EXCurriculum.swift;
			sourceTree = "<group>";
		};
		A7CB42DC234A530D0054A5F9 /* Constants */ = {
			isa = PBXGroup;
			children = (
				A7CB42DE234A532A0054A5F9 /* EXConstants.swift */,
			);
			path = Constants;
			sourceTree = "<group>";
		};
		A7CB42E0234A53480054A5F9 /* Extensions */ = {
			isa = PBXGroup;
			children = (
				A7CB42E1234A535C0054A5F9 /* UITableView+Extension.swift */,
				A7CB42E3234A537A0054A5F9 /* UIImage+Extension.swift */,
				A7CB4309234A63230054A5F9 /* UIVIew+Extension.swift */,
			);
			path = Extensions;
			sourceTree = "<group>";
		};
/* End PBXGroup section */

/* Begin PBXNativeTarget section */
		A7CB42AA234A25EF0054A5F9 /* EXCurriculum-VIPER */ = {
			isa = PBXNativeTarget;
			buildConfigurationList = A7CB42BF234A25F20054A5F9 /* Build configuration list for PBXNativeTarget "EXCurriculum-VIPER" */;
			buildPhases = (
				A7CB42A7234A25EF0054A5F9 /* Sources */,
				A7CB42A8234A25EF0054A5F9 /* Frameworks */,
				A7CB42A9234A25EF0054A5F9 /* Resources */,
			);
			buildRules = (
			);
			dependencies = (
			);
			name = "EXCurriculum-VIPER";
			productName = "EXCurriculum-VIPER";
			productReference = A7CB42AB234A25EF0054A5F9 /* EXCurriculum-VIPER.app */;
			productType = "com.apple.product-type.application";
		};
/* End PBXNativeTarget section */

/* Begin PBXProject section */
		A7CB42A3234A25EF0054A5F9 /* Project object */ = {
			isa = PBXProject;
			attributes = {
				LastSwiftUpdateCheck = 1100;
				LastUpgradeCheck = 1100;
				ORGANIZATIONNAME = "Erick Cienfuegos";
				TargetAttributes = {
					A7CB42AA234A25EF0054A5F9 = {
						CreatedOnToolsVersion = 11.0;
					};
				};
			};
			buildConfigurationList = A7CB42A6234A25EF0054A5F9 /* Build configuration list for PBXProject "EXCurriculum-VIPER" */;
			compatibilityVersion = "Xcode 9.3";
			developmentRegion = en;
			hasScannedForEncodings = 0;
			knownRegions = (
				en,
				Base,
			);
			mainGroup = A7CB42A2234A25EF0054A5F9;
			productRefGroup = A7CB42AC234A25EF0054A5F9 /* Products */;
			projectDirPath = "";
			projectRoot = "";
			targets = (
				A7CB42AA234A25EF0054A5F9 /* EXCurriculum-VIPER */,
			);
		};
/* End PBXProject section */

/* Begin PBXResourcesBuildPhase section */
		A7CB42A9234A25EF0054A5F9 /* Resources */ = {
			isa = PBXResourcesBuildPhase;
			buildActionMask = 2147483647;
			files = (
				A7CB4306234A60300054A5F9 /* EXDotTableViewCell.xib in Resources */,
				A7CB42FC234A60300054A5F9 /* EXAppTableViewCell.xib in Resources */,
				A7CB42FA234A60300054A5F9 /* EXExperticeTableViewCell.xib in Resources */,
				A7CB42F7234A60300054A5F9 /* EXEXperticeDotTableViewCell.xib in Resources */,
				A7CB42BB234A25F20054A5F9 /* LaunchScreen.storyboard in Resources */,
				A7CB42B8234A25F20054A5F9 /* Assets.xcassets in Resources */,
				A7CB4312234A65070054A5F9 /* EXPhotoTableViewCell.xib in Resources */,
				A7CB4305234A60300054A5F9 /* EXDotDescriptionTableViewCell.xib in Resources */,
				A7CB42DB234A528B0054A5F9 /* EXCurriculumViewController.xib in Resources */,
				A7CB42F8234A60300054A5F9 /* EXLoadingTableViewCell.xib in Resources */,
				A7CB4301234A60300054A5F9 /* EXDescriptionTableViewCell.xib in Resources */,
				A7CB42FB234A60300054A5F9 /* EXHeaderTableViewCell.xib in Resources */,
				A7CB4308234A60300054A5F9 /* EXTitleTableViewCell.xib in Resources */,
			);
			runOnlyForDeploymentPostprocessing = 0;
		};
/* End PBXResourcesBuildPhase section */

/* Begin PBXSourcesBuildPhase section */
		A7CB42A7234A25EF0054A5F9 /* Sources */ = {
			isa = PBXSourcesBuildPhase;
			buildActionMask = 2147483647;
			files = (
				A7CB42E2234A535C0054A5F9 /* UITableView+Extension.swift in Sources */,
				A7CB42B3234A25EF0054A5F9 /* ViewController.swift in Sources */,
				A7CB42FD234A60300054A5F9 /* EXAppTableViewCell.swift in Sources */,
				A7CB42AF234A25EF0054A5F9 /* AppDelegate.swift in Sources */,
				A7CB42E4234A537A0054A5F9 /* UIImage+Extension.swift in Sources */,
				A7CB42D7234A523A0054A5F9 /* EXCurriculumInteractor.swift in Sources */,
				A7CB4311234A65070054A5F9 /* EXPhotoTableViewCell.swift in Sources */,
				A7CB430A234A63230054A5F9 /* UIVIew+Extension.swift in Sources */,
				A7CB42B1234A25EF0054A5F9 /* SceneDelegate.swift in Sources */,
				A7CB42DF234A532A0054A5F9 /* EXConstants.swift in Sources */,
				A7CB42CF234A50880054A5F9 /* EXCurriculumProtocols.swift in Sources */,
				A7CB4303234A60300054A5F9 /* EXEXperticeDotTableViewCell.swift in Sources */,
				A7CB4304234A60300054A5F9 /* EXDotTableViewCell.swift in Sources */,
				A7CB42F9234A60300054A5F9 /* EXTitleTableViewCell.swift in Sources */,
				A7CB4300234A60300054A5F9 /* EXDotDescriptionTableViewCell.swift in Sources */,
				A7CB42D5234A52210054A5F9 /* EXCurriculumPresenter.swift in Sources */,
				A7CB4302234A60300054A5F9 /* EXExperticeTableViewCell.swift in Sources */,
				A7CB42FE234A60300054A5F9 /* EXLoadingTableViewCell.swift in Sources */,
				A7CB42D3234A520A0054A5F9 /* EXCurriculumRouter.swift in Sources */,
				A7CB42DA234A528B0054A5F9 /* EXCurriculumViewController.swift in Sources */,
				A7CB42FF234A60300054A5F9 /* EXDescriptionTableViewCell.swift in Sources */,
				A7CB42D1234A511A0054A5F9 /* EXCurriculum.swift in Sources */,
				A7CB4307234A60300054A5F9 /* EXHeaderTableViewCell.swift in Sources */,
			);
			runOnlyForDeploymentPostprocessing = 0;
		};
/* End PBXSourcesBuildPhase section */

/* Begin PBXVariantGroup section */
		A7CB42B9234A25F20054A5F9 /* LaunchScreen.storyboard */ = {
			isa = PBXVariantGroup;
			children = (
				A7CB42BA234A25F20054A5F9 /* Base */,
			);
			name = LaunchScreen.storyboard;
			sourceTree = "<group>";
		};
/* End PBXVariantGroup section */

/* Begin XCBuildConfiguration section */
		A7CB42BD234A25F20054A5F9 /* Debug */ = {
			isa = XCBuildConfiguration;
			buildSettings = {
				ALWAYS_SEARCH_USER_PATHS = NO;
				CLANG_ANALYZER_NONNULL = YES;
				CLANG_ANALYZER_NUMBER_OBJECT_CONVERSION = YES_AGGRESSIVE;
				CLANG_CXX_LANGUAGE_STANDARD = "gnu++14";
				CLANG_CXX_LIBRARY = "libc++";
				CLANG_ENABLE_MODULES = YES;
				CLANG_ENABLE_OBJC_ARC = YES;
				CLANG_ENABLE_OBJC_WEAK = YES;
				CLANG_WARN_BLOCK_CAPTURE_AUTORELEASING = YES;
				CLANG_WARN_BOOL_CONVERSION = YES;
				CLANG_WARN_COMMA = YES;
				CLANG_WARN_CONSTANT_CONVERSION = YES;
				CLANG_WARN_DEPRECATED_OBJC_IMPLEMENTATIONS = YES;
				CLANG_WARN_DIRECT_OBJC_ISA_USAGE = YES_ERROR;
				CLANG_WARN_DOCUMENTATION_COMMENTS = YES;
				CLANG_WARN_EMPTY_BODY = YES;
				CLANG_WARN_ENUM_CONVERSION = YES;
				CLANG_WARN_INFINITE_RECURSION = YES;
				CLANG_WARN_INT_CONVERSION = YES;
				CLANG_WARN_NON_LITERAL_NULL_CONVERSION = YES;
				CLANG_WARN_OBJC_IMPLICIT_RETAIN_SELF = YES;
				CLANG_WARN_OBJC_LITERAL_CONVERSION = YES;
				CLANG_WARN_OBJC_ROOT_CLASS = YES_ERROR;
				CLANG_WARN_RANGE_LOOP_ANALYSIS = YES;
				CLANG_WARN_STRICT_PROTOTYPES = YES;
				CLANG_WARN_SUSPICIOUS_MOVE = YES;
				CLANG_WARN_UNGUARDED_AVAILABILITY = YES_AGGRESSIVE;
				CLANG_WARN_UNREACHABLE_CODE = YES;
				CLANG_WARN__DUPLICATE_METHOD_MATCH = YES;
				COPY_PHASE_STRIP = NO;
				DEBUG_INFORMATION_FORMAT = dwarf;
				ENABLE_STRICT_OBJC_MSGSEND = YES;
				ENABLE_TESTABILITY = YES;
				GCC_C_LANGUAGE_STANDARD = gnu11;
				GCC_DYNAMIC_NO_PIC = NO;
				GCC_NO_COMMON_BLOCKS = YES;
				GCC_OPTIMIZATION_LEVEL = 0;
				GCC_PREPROCESSOR_DEFINITIONS = (
					"DEBUG=1",
					"$(inherited)",
				);
				GCC_WARN_64_TO_32_BIT_CONVERSION = YES;
				GCC_WARN_ABOUT_RETURN_TYPE = YES_ERROR;
				GCC_WARN_UNDECLARED_SELECTOR = YES;
				GCC_WARN_UNINITIALIZED_AUTOS = YES_AGGRESSIVE;
				GCC_WARN_UNUSED_FUNCTION = YES;
				GCC_WARN_UNUSED_VARIABLE = YES;
				IPHONEOS_DEPLOYMENT_TARGET = 13.0;
				MTL_ENABLE_DEBUG_INFO = INCLUDE_SOURCE;
				MTL_FAST_MATH = YES;
				ONLY_ACTIVE_ARCH = YES;
				SDKROOT = iphoneos;
				SWIFT_ACTIVE_COMPILATION_CONDITIONS = DEBUG;
				SWIFT_OPTIMIZATION_LEVEL = "-Onone";
			};
			name = Debug;
		};
		A7CB42BE234A25F20054A5F9 /* Release */ = {
			isa = XCBuildConfiguration;
			buildSettings = {
				ALWAYS_SEARCH_USER_PATHS = NO;
				CLANG_ANALYZER_NONNULL = YES;
				CLANG_ANALYZER_NUMBER_OBJECT_CONVERSION = YES_AGGRESSIVE;
				CLANG_CXX_LANGUAGE_STANDARD = "gnu++14";
				CLANG_CXX_LIBRARY = "libc++";
				CLANG_ENABLE_MODULES = YES;
				CLANG_ENABLE_OBJC_ARC = YES;
				CLANG_ENABLE_OBJC_WEAK = YES;
				CLANG_WARN_BLOCK_CAPTURE_AUTORELEASING = YES;
				CLANG_WARN_BOOL_CONVERSION = YES;
				CLANG_WARN_COMMA = YES;
				CLANG_WARN_CONSTANT_CONVERSION = YES;
				CLANG_WARN_DEPRECATED_OBJC_IMPLEMENTATIONS = YES;
				CLANG_WARN_DIRECT_OBJC_ISA_USAGE = YES_ERROR;
				CLANG_WARN_DOCUMENTATION_COMMENTS = YES;
				CLANG_WARN_EMPTY_BODY = YES;
				CLANG_WARN_ENUM_CONVERSION = YES;
				CLANG_WARN_INFINITE_RECURSION = YES;
				CLANG_WARN_INT_CONVERSION = YES;
				CLANG_WARN_NON_LITERAL_NULL_CONVERSION = YES;
				CLANG_WARN_OBJC_IMPLICIT_RETAIN_SELF = YES;
				CLANG_WARN_OBJC_LITERAL_CONVERSION = YES;
				CLANG_WARN_OBJC_ROOT_CLASS = YES_ERROR;
				CLANG_WARN_RANGE_LOOP_ANALYSIS = YES;
				CLANG_WARN_STRICT_PROTOTYPES = YES;
				CLANG_WARN_SUSPICIOUS_MOVE = YES;
				CLANG_WARN_UNGUARDED_AVAILABILITY = YES_AGGRESSIVE;
				CLANG_WARN_UNREACHABLE_CODE = YES;
				CLANG_WARN__DUPLICATE_METHOD_MATCH = YES;
				COPY_PHASE_STRIP = NO;
				DEBUG_INFORMATION_FORMAT = "dwarf-with-dsym";
				ENABLE_NS_ASSERTIONS = NO;
				ENABLE_STRICT_OBJC_MSGSEND = YES;
				GCC_C_LANGUAGE_STANDARD = gnu11;
				GCC_NO_COMMON_BLOCKS = YES;
				GCC_WARN_64_TO_32_BIT_CONVERSION = YES;
				GCC_WARN_ABOUT_RETURN_TYPE = YES_ERROR;
				GCC_WARN_UNDECLARED_SELECTOR = YES;
				GCC_WARN_UNINITIALIZED_AUTOS = YES_AGGRESSIVE;
				GCC_WARN_UNUSED_FUNCTION = YES;
				GCC_WARN_UNUSED_VARIABLE = YES;
				IPHONEOS_DEPLOYMENT_TARGET = 13.0;
				MTL_ENABLE_DEBUG_INFO = NO;
				MTL_FAST_MATH = YES;
				SDKROOT = iphoneos;
				SWIFT_COMPILATION_MODE = wholemodule;
				SWIFT_OPTIMIZATION_LEVEL = "-O";
				VALIDATE_PRODUCT = YES;
			};
			name = Release;
		};
		A7CB42C0234A25F20054A5F9 /* Debug */ = {
			isa = XCBuildConfiguration;
			buildSettings = {
				ASSETCATALOG_COMPILER_APPICON_NAME = AppIcon;
				CODE_SIGN_STYLE = Automatic;
				INFOPLIST_FILE = "EXCurriculum-VIPER/Info.plist";
				LD_RUNPATH_SEARCH_PATHS = (
					"$(inherited)",
					"@executable_path/Frameworks",
				);
				PRODUCT_BUNDLE_IDENTIFIER = "com.firesapps.EXCurriculum-VIPER";
				PRODUCT_NAME = "$(TARGET_NAME)";
				SWIFT_VERSION = 4.2;
				TARGETED_DEVICE_FAMILY = "1,2";
			};
			name = Debug;
		};
		A7CB42C1234A25F20054A5F9 /* Release */ = {
			isa = XCBuildConfiguration;
			buildSettings = {
				ASSETCATALOG_COMPILER_APPICON_NAME = AppIcon;
				CODE_SIGN_STYLE = Automatic;
				INFOPLIST_FILE = "EXCurriculum-VIPER/Info.plist";
				LD_RUNPATH_SEARCH_PATHS = (
					"$(inherited)",
					"@executable_path/Frameworks",
				);
				PRODUCT_BUNDLE_IDENTIFIER = "com.firesapps.EXCurriculum-VIPER";
				PRODUCT_NAME = "$(TARGET_NAME)";
				SWIFT_VERSION = 4.2;
				TARGETED_DEVICE_FAMILY = "1,2";
			};
			name = Release;
		};
/* End XCBuildConfiguration section */

/* Begin XCConfigurationList section */
		A7CB42A6234A25EF0054A5F9 /* Build configuration list for PBXProject "EXCurriculum-VIPER" */ = {
			isa = XCConfigurationList;
			buildConfigurations = (
				A7CB42BD234A25F20054A5F9 /* Debug */,
				A7CB42BE234A25F20054A5F9 /* Release */,
			);
			defaultConfigurationIsVisible = 0;
			defaultConfigurationName = Release;
		};
		A7CB42BF234A25F20054A5F9 /* Build configuration list for PBXNativeTarget "EXCurriculum-VIPER" */ = {
			isa = XCConfigurationList;
			buildConfigurations = (
				A7CB42C0234A25F20054A5F9 /* Debug */,
				A7CB42C1234A25F20054A5F9 /* Release */,
			);
			defaultConfigurationIsVisible = 0;
			defaultConfigurationName = Release;
		};
/* End XCConfigurationList section */
	};
	rootObject = A7CB42A3234A25EF0054A5F9 /* Project object */;
}
